
Microsoft Visual Studio Solution File, Format Version 12.00
# Visual Studio Version 17
VisualStudioVersion = 17.7.34202.233
MinimumVisualStudioVersion = 10.0.40219.1
Project("{FAE04EC0-301F-11D3-BF4B-00C04F79EFBC}") = "Day Maker Machine Final Project", "Day Maker Machine Final Project\Day Maker Machine Final Project.csproj", "{895A07A1-4854-492B-82DE-6B77A4BAFA38}"
EndProject
Global
	GlobalSection(SolutionConfigurationPlatforms) = preSolution
		Debug|Any CPU = Debug|Any CPU
		Release|Any CPU = Release|Any CPU
	EndGlobalSection
	GlobalSection(ProjectConfigurationPlatforms) = postSolution
		{895A07A1-4854-492B-82DE-6B77A4BAFA38}.Debug|Any CPU.ActiveCfg = Debug|Any CPU
		{895A07A1-4854-492B-82DE-6B77A4BAFA38}.Debug|Any CPU.Build.0 = Debug|Any CPU
		{895A07A1-4854-492B-82DE-6B77A4BAFA38}.Release|Any CPU.ActiveCfg = Release|Any CPU
		{895A07A1-4854-492B-82DE-6B77A4BAFA38}.Release|Any CPU.Build.0 = Release|Any CPU
	EndGlobalSection
	GlobalSection(SolutionProperties) = preSolution
		HideSolutionNode = FALSE
	EndGlobalSection
	GlobalSection(ExtensibilityGlobals) = postSolution
		SolutionGuid = {C0975D7A-8F81-4408-B500-B0A2815F66F9}
	EndGlobalSection
EndGlobal
